
Microsoft Visual Studio Solution File, Format Version 12.00
# Visual Studio Version 17
VisualStudioVersion = 17.3.32929.385
MinimumVisualStudioVersion = 10.0.40219.1
Project("{9A19103F-16F7-4668-BE54-9A1E7A4F7556}") = "Tetris", "Tetris\Tetris.csproj", "{C3ED5C1A-A7ED-48EE-B330-C6F555AB2DE9}"
EndProject
Global
	GlobalSection(SolutionConfigurationPlatforms) = preSolution
		Debug|Any CPU = Debug|Any CPU
		Release|Any CPU = Release|Any CPU
	EndGlobalSection
	GlobalSection(ProjectConfigurationPlatforms) = postSolution
		{C3ED5C1A-A7ED-48EE-B330-C6F555AB2DE9}.Debug|Any CPU.ActiveCfg = Debug|Any CPU
		{C3ED5C1A-A7ED-48EE-B330-C6F555AB2DE9}.Debug|Any CPU.Build.0 = Debug|Any CPU
		{C3ED5C1A-A7ED-48EE-B330-C6F555AB2DE9}.Release|Any CPU.ActiveCfg = Release|Any CPU
		{C3ED5C1A-A7ED-48EE-B330-C6F555AB2DE9}.Release|Any CPU.Build.0 = Release|Any CPU
	EndGlobalSection
	GlobalSection(SolutionProperties) = preSolution
		HideSolutionNode = FALSE
	EndGlobalSection
	GlobalSection(ExtensibilityGlobals) = postSolution
		SolutionGuid = {E3637C0F-03D1-45C9-9270-38FC45BB33EA}
	EndGlobalSection
EndGlobal
